
Microsoft Visual Studio Solution File, Format Version 12.00
# Visual Studio Version 17
VisualStudioVersion = 17.5.33502.453
MinimumVisualStudioVersion = 10.0.40219.1
Project("{2150E333-8FDC-42A3-9474-1A3956D46DE8}") = "Frontend", "Frontend", "{8919B36D-0EF8-4CB5-98DA-2DD73117570F}"
EndProject
Project("{9A19103F-16F7-4668-BE54-9A1E7A4F7556}") = "Mango.Web", "Mango.Web\Mango.Web.csproj", "{89F1999A-E879-4488-A0BC-F17B27FCC8C0}"
EndProject
Project("{2150E333-8FDC-42A3-9474-1A3956D46DE8}") = "Services", "Services", "{D774171F-1810-4183-89A8-913186B1F651}"
EndProject
Project("{9A19103F-16F7-4668-BE54-9A1E7A4F7556}") = "Mango.Services.ProductAPI", "Mango.Services.ProductAPI\Mango.Services.ProductAPI.csproj", "{ECD1B1CE-4BF2-4FAA-8C93-4A1B6F0F2E9E}"
EndProject
Project("{9A19103F-16F7-4668-BE54-9A1E7A4F7556}") = "Mango.Services.Identity", "Mango.Services.Identity\Mango.Services.Identity.csproj", "{91A6606D-2DE1-4C62-A8E2-DBCEDF0EB14E}"
EndProject
Project("{9A19103F-16F7-4668-BE54-9A1E7A4F7556}") = "Mango.Services.ShoppingCartAPI", "Mango.Services.ShoppingCartAPI\Mango.Services.ShoppingCartAPI.csproj", "{9BBCC148-3D4E-4A87-B655-BAF2002EB6EE}"
EndProject
Project("{9A19103F-16F7-4668-BE54-9A1E7A4F7556}") = "Mango.Services.CouponAPI", "Mango.Services.CouponAPI\Mango.Services.CouponAPI.csproj", "{31221A10-AA17-4ECF-A227-32C2CCB45507}"
EndProject
Project("{2150E333-8FDC-42A3-9474-1A3956D46DE8}") = "Integration", "Integration", "{00510FE5-B02F-4A62-94DD-8D6C55C42ED5}"
EndProject
Project("{9A19103F-16F7-4668-BE54-9A1E7A4F7556}") = "Mango.MessageBus", "Mango.MessageBus\Mango.MessageBus.csproj", "{64BD2F8F-DCB4-4CDF-944A-FD8E2F4BCFEA}"
EndProject
Project("{9A19103F-16F7-4668-BE54-9A1E7A4F7556}") = "Mango.Services.OrderAPI", "Mango.Services.OrderAPI\Mango.Services.OrderAPI.csproj", "{9211929F-2FD7-41B5-97DE-561163AE357A}"
EndProject
Project("{2150E333-8FDC-42A3-9474-1A3956D46DE8}") = "Payments", "Payments", "{DD390A61-65C6-4E22-9040-06CD9C7A1DCA}"
EndProject
Project("{9A19103F-16F7-4668-BE54-9A1E7A4F7556}") = "PaymentProcessor", "PaymentProcessor\PaymentProcessor.csproj", "{3AF90D16-7339-4A89-8E96-AD613D973BAF}"
EndProject
Project("{9A19103F-16F7-4668-BE54-9A1E7A4F7556}") = "Mango.Services.PaymentAPI", "Mango.Services.PaymentAPI\Mango.Services.PaymentAPI.csproj", "{33F0AE52-09CB-4D77-9402-BA051892F7B0}"
EndProject
Project("{9A19103F-16F7-4668-BE54-9A1E7A4F7556}") = "Mango.Services.Email", "Mango.Services.Email\Mango.Services.Email.csproj", "{AF29B46D-58AC-428D-B5C0-D560ACB1AECE}"
EndProject
Project("{2150E333-8FDC-42A3-9474-1A3956D46DE8}") = "Gateway", "Gateway", "{CFDA57EC-3A01-4EE3-9ECE-DC9D275C47C6}"
EndProject
Project("{FAE04EC0-301F-11D3-BF4B-00C04F79EFBC}") = "Mango.GatewaySolution", "Mango.GatewaySolution\Mango.GatewaySolution.csproj", "{2803A455-2D18-4DC1-B21C-BD416A56375B}"
EndProject
Global
	GlobalSection(SolutionConfigurationPlatforms) = preSolution
		Debug|Any CPU = Debug|Any CPU
		Release|Any CPU = Release|Any CPU
	EndGlobalSection
	GlobalSection(ProjectConfigurationPlatforms) = postSolution
		{89F1999A-E879-4488-A0BC-F17B27FCC8C0}.Debug|Any CPU.ActiveCfg = Debug|Any CPU
		{89F1999A-E879-4488-A0BC-F17B27FCC8C0}.Debug|Any CPU.Build.0 = Debug|Any CPU
		{89F1999A-E879-4488-A0BC-F17B27FCC8C0}.Release|Any CPU.ActiveCfg = Release|Any CPU
		{89F1999A-E879-4488-A0BC-F17B27FCC8C0}.Release|Any CPU.Build.0 = Release|Any CPU
		{ECD1B1CE-4BF2-4FAA-8C93-4A1B6F0F2E9E}.Debug|Any CPU.ActiveCfg = Debug|Any CPU
		{ECD1B1CE-4BF2-4FAA-8C93-4A1B6F0F2E9E}.Debug|Any CPU.Build.0 = Debug|Any CPU
		{ECD1B1CE-4BF2-4FAA-8C93-4A1B6F0F2E9E}.Release|Any CPU.ActiveCfg = Release|Any CPU
		{ECD1B1CE-4BF2-4FAA-8C93-4A1B6F0F2E9E}.Release|Any CPU.Build.0 = Release|Any CPU
		{91A6606D-2DE1-4C62-A8E2-DBCEDF0EB14E}.Debug|Any CPU.ActiveCfg = Debug|Any CPU
		{91A6606D-2DE1-4C62-A8E2-DBCEDF0EB14E}.Debug|Any CPU.Build.0 = Debug|Any CPU
		{91A6606D-2DE1-4C62-A8E2-DBCEDF0EB14E}.Release|Any CPU.ActiveCfg = Release|Any CPU
		{91A6606D-2DE1-4C62-A8E2-DBCEDF0EB14E}.Release|Any CPU.Build.0 = Release|Any CPU
		{9BBCC148-3D4E-4A87-B655-BAF2002EB6EE}.Debug|Any CPU.ActiveCfg = Debug|Any CPU
		{9BBCC148-3D4E-4A87-B655-BAF2002EB6EE}.Debug|Any CPU.Build.0 = Debug|Any CPU
		{9BBCC148-3D4E-4A87-B655-BAF2002EB6EE}.Release|Any CPU.ActiveCfg = Release|Any CPU
		{9BBCC148-3D4E-4A87-B655-BAF2002EB6EE}.Release|Any CPU.Build.0 = Release|Any CPU
		{31221A10-AA17-4ECF-A227-32C2CCB45507}.Debug|Any CPU.ActiveCfg = Debug|Any CPU
		{31221A10-AA17-4ECF-A227-32C2CCB45507}.Debug|Any CPU.Build.0 = Debug|Any CPU
		{31221A10-AA17-4ECF-A227-32C2CCB45507}.Release|Any CPU.ActiveCfg = Release|Any CPU
		{31221A10-AA17-4ECF-A227-32C2CCB45507}.Release|Any CPU.Build.0 = Release|Any CPU
		{64BD2F8F-DCB4-4CDF-944A-FD8E2F4BCFEA}.Debug|Any CPU.ActiveCfg = Debug|Any CPU
		{64BD2F8F-DCB4-4CDF-944A-FD8E2F4BCFEA}.Debug|Any CPU.Build.0 = Debug|Any CPU
		{64BD2F8F-DCB4-4CDF-944A-FD8E2F4BCFEA}.Release|Any CPU.ActiveCfg = Release|Any CPU
		{64BD2F8F-DCB4-4CDF-944A-FD8E2F4BCFEA}.Release|Any CPU.Build.0 = Release|Any CPU
		{9211929F-2FD7-41B5-97DE-561163AE357A}.Debug|Any CPU.ActiveCfg = Debug|Any CPU
		{9211929F-2FD7-41B5-97DE-561163AE357A}.Debug|Any CPU.Build.0 = Debug|Any CPU
		{9211929F-2FD7-41B5-97DE-561163AE357A}.Release|Any CPU.ActiveCfg = Release|Any CPU
		{9211929F-2FD7-41B5-97DE-561163AE357A}.Release|Any CPU.Build.0 = Release|Any CPU
		{3AF90D16-7339-4A89-8E96-AD613D973BAF}.Debug|Any CPU.ActiveCfg = Debug|Any CPU
		{3AF90D16-7339-4A89-8E96-AD613D973BAF}.Debug|Any CPU.Build.0 = Debug|Any CPU
		{3AF90D16-7339-4A89-8E96-AD613D973BAF}.Release|Any CPU.ActiveCfg = Release|Any CPU
		{3AF90D16-7339-4A89-8E96-AD613D973BAF}.Release|Any CPU.Build.0 = Release|Any CPU
		{33F0AE52-09CB-4D77-9402-BA051892F7B0}.Debug|Any CPU.ActiveCfg = Debug|Any CPU
		{33F0AE52-09CB-4D77-9402-BA051892F7B0}.Debug|Any CPU.Build.0 = Debug|Any CPU
		{33F0AE52-09CB-4D77-9402-BA051892F7B0}.Release|Any CPU.ActiveCfg = Release|Any CPU
		{33F0AE52-09CB-4D77-9402-BA051892F7B0}.Release|Any CPU.Build.0 = Release|Any CPU
		{AF29B46D-58AC-428D-B5C0-D560ACB1AECE}.Debug|Any CPU.ActiveCfg = Debug|Any CPU
		{AF29B46D-58AC-428D-B5C0-D560ACB1AECE}.Debug|Any CPU.Build.0 = Debug|Any CPU
		{AF29B46D-58AC-428D-B5C0-D560ACB1AECE}.Release|Any CPU.ActiveCfg = Release|Any CPU
		{AF29B46D-58AC-428D-B5C0-D560ACB1AECE}.Release|Any CPU.Build.0 = Release|Any CPU
		{2803A455-2D18-4DC1-B21C-BD416A56375B}.Debug|Any CPU.ActiveCfg = Debug|Any CPU
		{2803A455-2D18-4DC1-B21C-BD416A56375B}.Debug|Any CPU.Build.0 = Debug|Any CPU
		{2803A455-2D18-4DC1-B21C-BD416A56375B}.Release|Any CPU.ActiveCfg = Release|Any CPU
		{2803A455-2D18-4DC1-B21C-BD416A56375B}.Release|Any CPU.Build.0 = Release|Any CPU
	EndGlobalSection
	GlobalSection(SolutionProperties) = preSolution
		HideSolutionNode = FALSE
	EndGlobalSection
	GlobalSection(NestedProjects) = preSolution
		{89F1999A-E879-4488-A0BC-F17B27FCC8C0} = {8919B36D-0EF8-4CB5-98DA-2DD73117570F}
		{ECD1B1CE-4BF2-4FAA-8C93-4A1B6F0F2E9E} = {D774171F-1810-4183-89A8-913186B1F651}
		{91A6606D-2DE1-4C62-A8E2-DBCEDF0EB14E} = {D774171F-1810-4183-89A8-913186B1F651}
		{9BBCC148-3D4E-4A87-B655-BAF2002EB6EE} = {D774171F-1810-4183-89A8-913186B1F651}
		{31221A10-AA17-4ECF-A227-32C2CCB45507} = {D774171F-1810-4183-89A8-913186B1F651}
		{64BD2F8F-DCB4-4CDF-944A-FD8E2F4BCFEA} = {00510FE5-B02F-4A62-94DD-8D6C55C42ED5}
		{9211929F-2FD7-41B5-97DE-561163AE357A} = {D774171F-1810-4183-89A8-913186B1F651}
		{3AF90D16-7339-4A89-8E96-AD613D973BAF} = {DD390A61-65C6-4E22-9040-06CD9C7A1DCA}
		{33F0AE52-09CB-4D77-9402-BA051892F7B0} = {D774171F-1810-4183-89A8-913186B1F651}
		{AF29B46D-58AC-428D-B5C0-D560ACB1AECE} = {D774171F-1810-4183-89A8-913186B1F651}
		{2803A455-2D18-4DC1-B21C-BD416A56375B} = {CFDA57EC-3A01-4EE3-9ECE-DC9D275C47C6}
	EndGlobalSection
	GlobalSection(ExtensibilityGlobals) = postSolution
		SolutionGuid = {93D67AC8-1B47-4255-A48E-2E7C160A0F14}
	EndGlobalSection
EndGlobal
